
Microsoft Visual Studio Solution File, Format Version 12.00
# Visual Studio Version 17
VisualStudioVersion = 17.10.34928.147
MinimumVisualStudioVersion = 10.0.40219.1
Project("{FAE04EC0-301F-11D3-BF4B-00C04F79EFBC}") = "ToolTP", "ToolTP\ToolTP.csproj", "{0B4EEF72-0EBF-4543-82A8-5D86A1596D34}"
EndProject
Global
	GlobalSection(SolutionConfigurationPlatforms) = preSolution
		Debug|Any CPU = Debug|Any CPU
		Release|Any CPU = Release|Any CPU
	EndGlobalSection
	GlobalSection(ProjectConfigurationPlatforms) = postSolution
		{0B4EEF72-0EBF-4543-82A8-5D86A1596D34}.Debug|Any CPU.ActiveCfg = Debug|Any CPU
		{0B4EEF72-0EBF-4543-82A8-5D86A1596D34}.Debug|Any CPU.Build.0 = Debug|Any CPU
		{0B4EEF72-0EBF-4543-82A8-5D86A1596D34}.Release|Any CPU.ActiveCfg = Release|Any CPU
		{0B4EEF72-0EBF-4543-82A8-5D86A1596D34}.Release|Any CPU.Build.0 = Release|Any CPU
	EndGlobalSection
	GlobalSection(SolutionProperties) = preSolution
		HideSolutionNode = FALSE
	EndGlobalSection
	GlobalSection(ExtensibilityGlobals) = postSolution
		SolutionGuid = {4C1C35B3-288C-43F1-9DDA-52A88299472B}
	EndGlobalSection
EndGlobal
